
Microsoft Visual Studio Solution File, Format Version 12.00
# Visual Studio Version 16
VisualStudioVersion = 16.0.32126.315
MinimumVisualStudioVersion = 10.0.40219.1
Project("{FAE04EC0-301F-11D3-BF4B-00C04F79EFBC}") = "CopyGrades", "WindowsFormsApp3\CopyGrades.csproj", "{E8B8C71D-339B-4546-9D7A-62D6A2CC7EBF}"
EndProject
Global
	GlobalSection(SolutionConfigurationPlatforms) = preSolution
		Debug|Any CPU = Debug|Any CPU
		Release|Any CPU = Release|Any CPU
	EndGlobalSection
	GlobalSection(ProjectConfigurationPlatforms) = postSolution
		{E8B8C71D-339B-4546-9D7A-62D6A2CC7EBF}.Debug|Any CPU.ActiveCfg = Debug|Any CPU
		{E8B8C71D-339B-4546-9D7A-62D6A2CC7EBF}.Debug|Any CPU.Build.0 = Debug|Any CPU
		{E8B8C71D-339B-4546-9D7A-62D6A2CC7EBF}.Release|Any CPU.ActiveCfg = Release|Any CPU
		{E8B8C71D-339B-4546-9D7A-62D6A2CC7EBF}.Release|Any CPU.Build.0 = Release|Any CPU
	EndGlobalSection
	GlobalSection(SolutionProperties) = preSolution
		HideSolutionNode = FALSE
	EndGlobalSection
	GlobalSection(ExtensibilityGlobals) = postSolution
		SolutionGuid = {C1C1DFB1-9525-4F7F-A274-B4A637D3ACDA}
	EndGlobalSection
EndGlobal
